
Microsoft Visual Studio Solution File, Format Version 12.00
# Visual Studio Version 16
VisualStudioVersion = 16.0.28721.148
MinimumVisualStudioVersion = 10.0.40219.1
Project("{FAE04EC0-301F-11D3-BF4B-00C04F79EFBC}") = "allN1", "allN1.csproj", "{00D9E163-6B7A-4A08-BDE3-215C8046F601}"
EndProject
Global
	GlobalSection(SolutionConfigurationPlatforms) = preSolution
		Debug|Any CPU = Debug|Any CPU
		Final|Any CPU = Final|Any CPU
		publish|Any CPU = publish|Any CPU
		Release|Any CPU = Release|Any CPU
	EndGlobalSection
	GlobalSection(ProjectConfigurationPlatforms) = postSolution
		{00D9E163-6B7A-4A08-BDE3-215C8046F601}.Debug|Any CPU.ActiveCfg = Debug|Any CPU
		{00D9E163-6B7A-4A08-BDE3-215C8046F601}.Debug|Any CPU.Build.0 = Debug|Any CPU
		{00D9E163-6B7A-4A08-BDE3-215C8046F601}.Final|Any CPU.ActiveCfg = Release|Any CPU
		{00D9E163-6B7A-4A08-BDE3-215C8046F601}.Final|Any CPU.Build.0 = Release|Any CPU
		{00D9E163-6B7A-4A08-BDE3-215C8046F601}.publish|Any CPU.ActiveCfg = Release|Any CPU
		{00D9E163-6B7A-4A08-BDE3-215C8046F601}.publish|Any CPU.Build.0 = Release|Any CPU
		{00D9E163-6B7A-4A08-BDE3-215C8046F601}.Release|Any CPU.ActiveCfg = Release|Any CPU
		{00D9E163-6B7A-4A08-BDE3-215C8046F601}.Release|Any CPU.Build.0 = Release|Any CPU
	EndGlobalSection
	GlobalSection(SolutionProperties) = preSolution
		HideSolutionNode = FALSE
	EndGlobalSection
	GlobalSection(ExtensibilityGlobals) = postSolution
		SolutionGuid = {A8527094-4CA9-4747-A573-C96D830B57AC}
	EndGlobalSection
EndGlobal
